// This lockfile was autogenerated by Pants. To regenerate, run:
//
//    pants generate-lockfiles --resolve=tcr_env
//
// --- BEGIN PANTS LOCKFILE METADATA: DO NOT EDIT OR REMOVE ---
// {
//   "version": 3,
//   "valid_for_interpreter_constraints": [
//     "CPython<3.12,>=3.11"
//   ],
//   "generated_with_requirements": [
//     "setproctitle<2.0.0,>=1.3.7",
//     "watchdog<4.0.0,>=3.0.0"
//   ],
//   "manylinux": "manylinux2014",
//   "requirement_constraints": [],
//   "only_binary": [],
//   "no_binary": []
// }
// --- END PANTS LOCKFILE METADATA ---

{
  "allow_builds": true,
  "allow_prereleases": false,
  "allow_wheels": true,
  "build_isolation": true,
  "constraints": [],
  "excluded": [],
  "locked_resolves": [
    {
      "locked_requirements": [
        {
          "artifacts": [
            {
              "algorithm": "sha256",
              "hash": "f1704c9e041f2b1dc38f5be4552e141e1432fba3dd52c72eeffd5bc2db04dc65",
              "url": "https://files.pythonhosted.org/packages/73/02/b9eadc226195dcfa90eed37afe56b5dd6fa2f0e5220ab8b7867b8862b926/setproctitle-1.3.7-pp311-pypy311_pp73-manylinux1_x86_64.manylinux_2_28_x86_64.manylinux_2_5_x86_64.whl"
            },
            {
              "algorithm": "sha256",
              "hash": "a600eeb4145fb0ee6c287cb82a2884bd4ec5bbb076921e287039dcc7b7cc6dd0",
              "url": "https://files.pythonhosted.org/packages/04/cd/1b7ba5cad635510720ce19d7122154df96a2387d2a74217be552887c93e5/setproctitle-1.3.7-cp311-cp311-macosx_10_9_universal2.whl"
            },
            {
              "algorithm": "sha256",
              "hash": "1607b963e7b53e24ec8a2cb4e0ab3ae591d7c6bf0a160feef0551da63452b37f",
              "url": "https://files.pythonhosted.org/packages/18/2e/bd03ff02432a181c1787f6fc2a678f53b7dacdd5ded69c318fe1619556e8/setproctitle-1.3.7-cp311-cp311-manylinux1_x86_64.manylinux_2_28_x86_64.manylinux_2_5_x86_64.whl"
            },
            {
              "algorithm": "sha256",
              "hash": "a20fb1a3974e2dab857870cf874b325b8705605cb7e7e8bcbb915bca896f52a9",
              "url": "https://files.pythonhosted.org/packages/28/78/1e62fc0937a8549f2220445ed2175daacee9b6764c7963b16148119b016d/setproctitle-1.3.7-cp311-cp311-manylinux2014_aarch64.manylinux_2_17_aarch64.manylinux_2_28_aarch64.whl"
            },
            {
              "algorithm": "sha256",
              "hash": "db116850fcf7cca19492030f8d3b4b6e231278e8fe097a043957d22ce1bdf3ee",
              "url": "https://files.pythonhosted.org/packages/4a/18/77a765a339ddf046844cb4513353d8e9dcd8183da9cdba6e078713e6b0b2/setproctitle-1.3.7-cp311-cp311-musllinux_1_2_ppc64le.whl"
            },
            {
              "algorithm": "sha256",
              "hash": "316664d8b24a5c91ee244460bdaf7a74a707adaa9e14fbe0dc0a53168bb9aba1",
              "url": "https://files.pythonhosted.org/packages/6b/63/f0b6205c64d74d2a24a58644a38ec77bdbaa6afc13747e75973bf8904932/setproctitle-1.3.7-cp311-cp311-musllinux_1_2_x86_64.whl"
            },
            {
              "algorithm": "sha256",
              "hash": "bc2bc917691c1537d5b9bca1468437176809c7e11e5694ca79a9ca12345dcb9e",
              "url": "https://files.pythonhosted.org/packages/8d/48/49393a96a2eef1ab418b17475fb92b8fcfad83d099e678751b05472e69de/setproctitle-1.3.7.tar.gz"
            },
            {
              "algorithm": "sha256",
              "hash": "97a090fed480471bb175689859532709e28c085087e344bca45cf318034f70c4",
              "url": "https://files.pythonhosted.org/packages/8f/1a/b2da0a620490aae355f9d72072ac13e901a9fec809a6a24fc6493a8f3c35/setproctitle-1.3.7-cp311-cp311-macosx_11_0_arm64.whl"
            },
            {
              "algorithm": "sha256",
              "hash": "f8d961bba676e07d77665204f36cffaa260f526e7b32d07ab3df6a2c1dfb44ba",
              "url": "https://files.pythonhosted.org/packages/a0/3c/65edc65db3fa3df400cf13b05e9d41a3c77517b4839ce873aa6b4043184f/setproctitle-1.3.7-cp311-cp311-manylinux2014_ppc64le.manylinux_2_17_ppc64le.manylinux_2_28_ppc64le.whl"
            },
            {
              "algorithm": "sha256",
              "hash": "db0fd964fbd3a9f8999b502f65bd2e20883fdb5b1fae3a424e66db9a793ed307",
              "url": "https://files.pythonhosted.org/packages/a1/32/89157e3de997973e306e44152522385f428e16f92f3cf113461489e1e2ee/setproctitle-1.3.7-cp311-cp311-musllinux_1_2_aarch64.whl"
            },
            {
              "algorithm": "sha256",
              "hash": "b1cac6a4b0252b8811d60b6d8d0f157c0fdfed379ac89c25a914e6346cf355a1",
              "url": "https://files.pythonhosted.org/packages/c3/5b/5e1c117ac84e3cefcf8d7a7f6b2461795a87e20869da065a5c087149060b/setproctitle-1.3.7-pp311-pypy311_pp73-macosx_11_0_arm64.whl"
            }
          ],
          "project_name": "setproctitle",
          "requires_dists": [
            "pytest; extra == \"test\""
          ],
          "requires_python": ">=3.8",
          "version": "1.3.7"
        },
        {
          "artifacts": [
            {
              "algorithm": "sha256",
              "hash": "d429c2430c93b7903914e4db9a966c7f2b068dd2ebdd2fa9b9ce094c7d459f33",
              "url": "https://files.pythonhosted.org/packages/2b/f0/456948b865ab259784f774154e7d65844fa9757522fdb11533fbf8ae7aca/watchdog-3.0.0-py3-none-manylinux2014_x86_64.whl"
            },
            {
              "algorithm": "sha256",
              "hash": "2b57a1e730af3156d13b7fdddfc23dea6487fceca29fc75c5a868beed29177ae",
              "url": "https://files.pythonhosted.org/packages/00/9e/a9711f35f1ad6571e92dc2e955e7de9dfac21a1b33e9cd212f066a60a387/watchdog-3.0.0-cp311-cp311-macosx_10_9_universal2.whl"
            },
            {
              "algorithm": "sha256",
              "hash": "c07253088265c363d1ddf4b3cdb808d59a0468ecd017770ed716991620b8f77a",
              "url": "https://files.pythonhosted.org/packages/21/72/46fd174352cd88b9157ade77e3b8835125d4b1e5186fc7f1e8c44664e029/watchdog-3.0.0-py3-none-manylinux2014_i686.whl"
            },
            {
              "algorithm": "sha256",
              "hash": "ba07e92756c97e3aca0912b5cbc4e5ad802f4557212788e72a72a47ff376950d",
              "url": "https://files.pythonhosted.org/packages/40/1b/4e6d3e0f587587931f590531b4ed08070d71a9efb35541d792a68d8ee593/watchdog-3.0.0-py3-none-manylinux2014_s390x.whl"
            },
            {
              "algorithm": "sha256",
              "hash": "7e447d172af52ad204d19982739aa2346245cc5ba6f579d16dac4bfec226d2e7",
              "url": "https://files.pythonhosted.org/packages/58/db/d419fdbd3051b42b0a8091ddf78f70540b6d9d277a84845f7c5955f9de92/watchdog-3.0.0-cp311-cp311-macosx_11_0_arm64.whl"
            },
            {
              "algorithm": "sha256",
              "hash": "51f90f73b4697bac9c9a78394c3acbbd331ccd3655c11be1a15ae6fe289a8c83",
              "url": "https://files.pythonhosted.org/packages/71/3a/b12740f4f60861240d57b42a2ac6ac0a2821db506c4435f7872c1fad867d/watchdog-3.0.0-py3-none-manylinux2014_ppc64le.whl"
            },
            {
              "algorithm": "sha256",
              "hash": "5113334cf8cf0ac8cd45e1f8309a603291b614191c9add34d33075727a967709",
              "url": "https://files.pythonhosted.org/packages/74/3c/e4b77f4f069aca2b6e35925db7a1aa6cb600dcb52fc3e962284640ca37f3/watchdog-3.0.0-py3-none-manylinux2014_ppc64.whl"
            },
            {
              "algorithm": "sha256",
              "hash": "7ade88d0d778b1b222adebcc0927428f883db07017618a5e684fd03b83342bd9",
              "url": "https://files.pythonhosted.org/packages/84/ab/67001e62603bf2ea35ace40023f7c74f61e8b047160d6bb078373cec1a67/watchdog-3.0.0-cp311-cp311-macosx_10_9_x86_64.whl"
            },
            {
              "algorithm": "sha256",
              "hash": "0e06ab8858a76e1219e68c7573dfeba9dd1c0219476c5a44d5333b01d7e1743a",
              "url": "https://files.pythonhosted.org/packages/92/28/631872d7fbc45527037060db8c838b47a129a6c09d2297d6dddcfa283cf2/watchdog-3.0.0-py3-none-manylinux2014_aarch64.whl"
            },
            {
              "algorithm": "sha256",
              "hash": "4d98a320595da7a7c5a18fc48cb633c2e73cda78f93cac2ef42d42bf609a33f9",
              "url": "https://files.pythonhosted.org/packages/95/a6/d6ef450393dac5734c63c40a131f66808d2e6f59f6165ab38c98fbe4e6ec/watchdog-3.0.0.tar.gz"
            },
            {
              "algorithm": "sha256",
              "hash": "d00e6be486affb5781468457b21a6cbe848c33ef43f9ea4a73b4882e5f188a44",
              "url": "https://files.pythonhosted.org/packages/c0/a2/4e3230bdc1fb878b152a2c66aa941732776f4545bd68135d490591d66713/watchdog-3.0.0-py3-none-manylinux2014_armv7l.whl"
            }
          ],
          "project_name": "watchdog",
          "requires_dists": [
            "PyYAML>=3.10; extra == \"watchmedo\""
          ],
          "requires_python": ">=3.7",
          "version": "3.0.0"
        }
      ],
      "platform_tag": null
    }
  ],
  "only_builds": [],
  "only_wheels": [],
  "overridden": [],
  "path_mappings": {},
  "pex_version": "2.20.3",
  "pip_version": "24.2",
  "prefer_older_binary": false,
  "requirements": [
    "setproctitle<2.0.0,>=1.3.7",
    "watchdog<4.0.0,>=3.0.0"
  ],
  "requires_python": [
    "<3.12,>=3.11"
  ],
  "resolver_version": "pip-2020-resolver",
  "style": "universal",
  "target_systems": [
    "linux",
    "mac"
  ],
  "transitive": true,
  "use_pep517": null,
  "use_system_time": false
}
